// !$*UTF8*$!
{
	archiveVersion = 1;
	classes = {
	};
	objectVersion = 46;
	objects = {

/* Begin PBXBuildFile section */
		3B6A0D621C8717990085CF12 /* DictionaryAttack.swift in Sources */ = {isa = PBXBuildFile; fileRef = 3B6A0D611C8717990085CF12 /* DictionaryAttack.swift */; };
		4C3F3EB81C845B6900F837DB /* WorkBlogQueue.swift in Sources */ = {isa = PBXBuildFile; fileRef = 4C3F3EB71C845B6900F837DB /* WorkBlogQueue.swift */; };
		4C3F3EBC1C84602900F837DB /* WorkBlog.swift in Sources */ = {isa = PBXBuildFile; fileRef = 4C3F3EBB1C84602900F837DB /* WorkBlog.swift */; };
		4C98B1A11C52893800E2641B /* CustomObject.m in Sources */ = {isa = PBXBuildFile; fileRef = 4C98B1A01C52893800E2641B /* CustomObject.m */; };
		4C98B1A41C52895700E2641B /* HashStrategie.swift in Sources */ = {isa = PBXBuildFile; fileRef = 4C98B1A31C52895700E2641B /* HashStrategie.swift */; };
		4CE7BFD21C6D41A90020482F /* Worker.swift in Sources */ = {isa = PBXBuildFile; fileRef = 4CE7BFD11C6D41A90020482F /* Worker.swift */; };
		4CE7BFD41C6D41C70020482F /* WorkerQueue.swift in Sources */ = {isa = PBXBuildFile; fileRef = 4CE7BFD31C6D41C70020482F /* WorkerQueue.swift */; };
		5005DEC51C625CA100D39F2C /* node_server in Resources */ = {isa = PBXBuildFile; fileRef = 5005DEC41C625CA100D39F2C /* node_server */; };
		5005DEC71C63A3DF00D39F2C /* ServerAddress.swift in Sources */ = {isa = PBXBuildFile; fileRef = 5005DEC61C63A3DF00D39F2C /* ServerAddress.swift */; };
		50091C541C47EB6D003AD5D5 /* Starscream.framework in Copy Frameworks */ = {isa = PBXBuildFile; fileRef = 50091C531C47EB6D003AD5D5 /* Starscream.framework */; settings = {ATTRIBUTES = (CodeSignOnCopy, RemoveHeadersOnCopy, ); }; };
		50091C551C47EB88003AD5D5 /* Starscream.framework in Frameworks */ = {isa = PBXBuildFile; fileRef = 50091C531C47EB6D003AD5D5 /* Starscream.framework */; };
		50091C581C4937B3003AD5D5 /* WebSocketBackgroundOperation.swift in Sources */ = {isa = PBXBuildFile; fileRef = 50091C571C4937B3003AD5D5 /* WebSocketBackgroundOperation.swift */; };
		501E6E611C1703C70068A44B /* AppDelegate.swift in Sources */ = {isa = PBXBuildFile; fileRef = 501E6E601C1703C70068A44B /* AppDelegate.swift */; };
		501E6E631C1703C70068A44B /* SettingsViewController.swift in Sources */ = {isa = PBXBuildFile; fileRef = 501E6E621C1703C70068A44B /* SettingsViewController.swift */; };
		501E6E651C1703C70068A44B /* Assets.xcassets in Resources */ = {isa = PBXBuildFile; fileRef = 501E6E641C1703C70068A44B /* Assets.xcassets */; };
		501E6E681C1703C70068A44B /* Main.storyboard in Resources */ = {isa = PBXBuildFile; fileRef = 501E6E661C1703C70068A44B /* Main.storyboard */; };
		501E6E731C1703C70068A44B /* Distributed_HashcrackerTests.swift in Sources */ = {isa = PBXBuildFile; fileRef = 501E6E721C1703C70068A44B /* Distributed_HashcrackerTests.swift */; };
		501E6E7E1C1703C70068A44B /* Distributed_HashcrackerUITests.swift in Sources */ = {isa = PBXBuildFile; fileRef = 501E6E7D1C1703C70068A44B /* Distributed_HashcrackerUITests.swift */; };
		502ED1D21C8DB89500C0FA10 /* BruteforceAttack.swift in Sources */ = {isa = PBXBuildFile; fileRef = 502ED1D11C8DB89500C0FA10 /* BruteforceAttack.swift */; };
		502ED1D41C8DB8BB00C0FA10 /* AttackStrategy.swift in Sources */ = {isa = PBXBuildFile; fileRef = 502ED1D31C8DB8BB00C0FA10 /* AttackStrategy.swift */; };
		502ED1D61C8DB94900C0FA10 /* PasswordDictionary.txt in Resources */ = {isa = PBXBuildFile; fileRef = 502ED1D51C8DB94900C0FA10 /* PasswordDictionary.txt */; };
		5086D94B1C5FD680008F7464 /* MessageParser.swift in Sources */ = {isa = PBXBuildFile; fileRef = 5086D94A1C5FD680008F7464 /* MessageParser.swift */; };
		5088E8901C74994C0065C39B /* PlotKit.framework in Frameworks */ = {isa = PBXBuildFile; fileRef = 5088E88F1C74994C0065C39B /* PlotKit.framework */; };
		5088E8911C74994C0065C39B /* PlotKit.framework in Copy Frameworks */ = {isa = PBXBuildFile; fileRef = 5088E88F1C74994C0065C39B /* PlotKit.framework */; settings = {ATTRIBUTES = (CodeSignOnCopy, RemoveHeadersOnCopy, ); }; };
		5088E8941C7499F80065C39B /* PlotKit.framework.dSYM in CopyFiles */ = {isa = PBXBuildFile; fileRef = 5088E8931C7499F80065C39B /* PlotKit.framework.dSYM */; };
		5088E8961C749A1D0065C39B /* Starscream.framework.dSYM in CopyFiles */ = {isa = PBXBuildFile; fileRef = 5088E8951C749A1D0065C39B /* Starscream.framework.dSYM */; };
		5088E8A91C772BED0065C39B /* Constants.swift in Sources */ = {isa = PBXBuildFile; fileRef = 5088E8A81C772BED0065C39B /* Constants.swift */; };
		5088E8AB1C7739200065C39B /* MasterOperation.swift in Sources */ = {isa = PBXBuildFile; fileRef = 5088E8AA1C7739200065C39B /* MasterOperation.swift */; };
		5088E8AD1C7744170065C39B /* MasterWorkerOperation.swift in Sources */ = {isa = PBXBuildFile; fileRef = 5088E8AC1C7744170065C39B /* MasterWorkerOperation.swift */; };
		50ADD84F1C28777E00E8DC42 /* LogViewController.swift in Sources */ = {isa = PBXBuildFile; fileRef = 50ADD84E1C28777E00E8DC42 /* LogViewController.swift */; };
		50CE1D271C5129BD00A61514 /* MessageQueue.swift in Sources */ = {isa = PBXBuildFile; fileRef = 50CE1D261C5129BD00A61514 /* MessageQueue.swift */; };
		50CE1D291C524C2F00A61514 /* Message.swift in Sources */ = {isa = PBXBuildFile; fileRef = 50CE1D281C524C2F00A61514 /* Message.swift */; };
		50E889811C6B500B00B854D5 /* ChartViewController.swift in Sources */ = {isa = PBXBuildFile; fileRef = 50E889801C6B500B00B854D5 /* ChartViewController.swift */; };
		50E889831C6B6E6000B854D5 /* ChartWindowController.swift in Sources */ = {isa = PBXBuildFile; fileRef = 50E889821C6B6E6000B854D5 /* ChartWindowController.swift */; };
		50FBAAC71C903893007B6F83 /* Lens.swift in Sources */ = {isa = PBXBuildFile; fileRef = 50FBAAC61C903893007B6F83 /* Lens.swift */; };
		E4A335581C6B4E9B00044D17 /* WorkerOperation.swift in Sources */ = {isa = PBXBuildFile; fileRef = E4A335571C6B4E9B00044D17 /* WorkerOperation.swift */; };
/* End PBXBuildFile section */

/* Begin PBXContainerItemProxy section */
		501E6E6F1C1703C70068A44B /* PBXContainerItemProxy */ = {
			isa = PBXContainerItemProxy;
			containerPortal = 501E6E551C1703C70068A44B /* Project object */;
			proxyType = 1;
			remoteGlobalIDString = 501E6E5C1C1703C70068A44B;
			remoteInfo = "Distributed Hashcracker";
		};
		501E6E7A1C1703C70068A44B /* PBXContainerItemProxy */ = {
			isa = PBXContainerItemProxy;
			containerPortal = 501E6E551C1703C70068A44B /* Project object */;
			proxyType = 1;
			remoteGlobalIDString = 501E6E5C1C1703C70068A44B;
			remoteInfo = "Distributed Hashcracker";
		};
/* End PBXContainerItemProxy section */

/* Begin PBXCopyFilesBuildPhase section */
		50091C4F1C47E5FA003AD5D5 /* Copy Frameworks */ = {
			isa = PBXCopyFilesBuildPhase;
			buildActionMask = 2147483647;
			dstPath = "";
			dstSubfolderSpec = 10;
			files = (
				5088E8911C74994C0065C39B /* PlotKit.framework in Copy Frameworks */,
				50091C541C47EB6D003AD5D5 /* Starscream.framework in Copy Frameworks */,
			);
			name = "Copy Frameworks";
			runOnlyForDeploymentPostprocessing = 0;
		};
		5088E8921C7499A20065C39B /* CopyFiles */ = {
			isa = PBXCopyFilesBuildPhase;
			buildActionMask = 2147483647;
			dstPath = "";
			dstSubfolderSpec = 16;
			files = (
				5088E8941C7499F80065C39B /* PlotKit.framework.dSYM in CopyFiles */,
				5088E8961C749A1D0065C39B /* Starscream.framework.dSYM in CopyFiles */,
			);
			runOnlyForDeploymentPostprocessing = 0;
		};
/* End PBXCopyFilesBuildPhase section */

/* Begin PBXFileReference section */
		3B6A0D611C8717990085CF12 /* DictionaryAttack.swift */ = {isa = PBXFileReference; fileEncoding = 4; lastKnownFileType = sourcecode.swift; path = DictionaryAttack.swift; sourceTree = "<group>"; };
		4C3F3EB71C845B6900F837DB /* WorkBlogQueue.swift */ = {isa = PBXFileReference; fileEncoding = 4; lastKnownFileType = sourcecode.swift; path = WorkBlogQueue.swift; sourceTree = "<group>"; };
		4C3F3EBB1C84602900F837DB /* WorkBlog.swift */ = {isa = PBXFileReference; fileEncoding = 4; lastKnownFileType = sourcecode.swift; path = WorkBlog.swift; sourceTree = "<group>"; };
		4C98B19F1C52893800E2641B /* Distributed Hashcracker-Bridging-Header.h */ = {isa = PBXFileReference; lastKnownFileType = sourcecode.c.h; path = "Distributed Hashcracker-Bridging-Header.h"; sourceTree = "<group>"; };
		4C98B1A01C52893800E2641B /* CustomObject.m */ = {isa = PBXFileReference; fileEncoding = 4; lastKnownFileType = sourcecode.c.objc; path = CustomObject.m; sourceTree = "<group>"; };
		4C98B1A21C52894800E2641B /* CustomObject.h */ = {isa = PBXFileReference; lastKnownFileType = sourcecode.c.h; path = CustomObject.h; sourceTree = "<group>"; };
		4C98B1A31C52895700E2641B /* HashStrategie.swift */ = {isa = PBXFileReference; fileEncoding = 4; lastKnownFileType = sourcecode.swift; path = HashStrategie.swift; sourceTree = "<group>"; };
		4CE7BFD11C6D41A90020482F /* Worker.swift */ = {isa = PBXFileReference; fileEncoding = 4; lastKnownFileType = sourcecode.swift; path = Worker.swift; sourceTree = "<group>"; };
		4CE7BFD31C6D41C70020482F /* WorkerQueue.swift */ = {isa = PBXFileReference; fileEncoding = 4; lastKnownFileType = sourcecode.swift; path = WorkerQueue.swift; sourceTree = "<group>"; };
		5005DEC41C625CA100D39F2C /* node_server */ = {isa = PBXFileReference; lastKnownFileType = folder; path = node_server; sourceTree = "<group>"; };
		5005DEC61C63A3DF00D39F2C /* ServerAddress.swift */ = {isa = PBXFileReference; fileEncoding = 4; lastKnownFileType = sourcecode.swift; path = ServerAddress.swift; sourceTree = "<group>"; };
		50091C531C47EB6D003AD5D5 /* Starscream.framework */ = {isa = PBXFileReference; lastKnownFileType = wrapper.framework; path = Starscream.framework; sourceTree = "<group>"; };
		50091C571C4937B3003AD5D5 /* WebSocketBackgroundOperation.swift */ = {isa = PBXFileReference; fileEncoding = 4; lastKnownFileType = sourcecode.swift; path = WebSocketBackgroundOperation.swift; sourceTree = "<group>"; };
		501E6E5D1C1703C70068A44B /* Distributed Hashcracker.app */ = {isa = PBXFileReference; explicitFileType = wrapper.application; includeInIndex = 0; path = "Distributed Hashcracker.app"; sourceTree = BUILT_PRODUCTS_DIR; };
		501E6E601C1703C70068A44B /* AppDelegate.swift */ = {isa = PBXFileReference; lastKnownFileType = sourcecode.swift; path = AppDelegate.swift; sourceTree = "<group>"; };
		501E6E621C1703C70068A44B /* SettingsViewController.swift */ = {isa = PBXFileReference; lastKnownFileType = sourcecode.swift; path = SettingsViewController.swift; sourceTree = "<group>"; };
		501E6E641C1703C70068A44B /* Assets.xcassets */ = {isa = PBXFileReference; lastKnownFileType = folder.assetcatalog; name = Assets.xcassets; path = "Distributed Hashcracker/Assets.xcassets"; sourceTree = "<group>"; };
		501E6E671C1703C70068A44B /* Base */ = {isa = PBXFileReference; lastKnownFileType = file.storyboard; name = Base; path = Base.lproj/Main.storyboard; sourceTree = "<group>"; };
		501E6E691C1703C70068A44B /* Info.plist */ = {isa = PBXFileReference; lastKnownFileType = text.plist.xml; name = Info.plist; path = "Distributed Hashcracker/Info.plist"; sourceTree = "<group>"; };
		501E6E6E1C1703C70068A44B /* Distributed HashcrackerTests.xctest */ = {isa = PBXFileReference; explicitFileType = wrapper.cfbundle; includeInIndex = 0; path = "Distributed HashcrackerTests.xctest"; sourceTree = BUILT_PRODUCTS_DIR; };
		501E6E721C1703C70068A44B /* Distributed_HashcrackerTests.swift */ = {isa = PBXFileReference; lastKnownFileType = sourcecode.swift; path = Distributed_HashcrackerTests.swift; sourceTree = "<group>"; };
		501E6E741C1703C70068A44B /* Info.plist */ = {isa = PBXFileReference; lastKnownFileType = text.plist.xml; path = Info.plist; sourceTree = "<group>"; };
		501E6E791C1703C70068A44B /* Distributed HashcrackerUITests.xctest */ = {isa = PBXFileReference; explicitFileType = wrapper.cfbundle; includeInIndex = 0; path = "Distributed HashcrackerUITests.xctest"; sourceTree = BUILT_PRODUCTS_DIR; };
		501E6E7D1C1703C70068A44B /* Distributed_HashcrackerUITests.swift */ = {isa = PBXFileReference; lastKnownFileType = sourcecode.swift; path = Distributed_HashcrackerUITests.swift; sourceTree = "<group>"; };
		501E6E7F1C1703C70068A44B /* Info.plist */ = {isa = PBXFileReference; lastKnownFileType = text.plist.xml; path = Info.plist; sourceTree = "<group>"; };
		502ED1D11C8DB89500C0FA10 /* BruteforceAttack.swift */ = {isa = PBXFileReference; fileEncoding = 4; lastKnownFileType = sourcecode.swift; path = BruteforceAttack.swift; sourceTree = "<group>"; };
		502ED1D31C8DB8BB00C0FA10 /* AttackStrategy.swift */ = {isa = PBXFileReference; fileEncoding = 4; lastKnownFileType = sourcecode.swift; path = AttackStrategy.swift; sourceTree = "<group>"; };
		502ED1D51C8DB94900C0FA10 /* PasswordDictionary.txt */ = {isa = PBXFileReference; lastKnownFileType = text; path = PasswordDictionary.txt; sourceTree = "<group>"; };
		5086D94A1C5FD680008F7464 /* MessageParser.swift */ = {isa = PBXFileReference; fileEncoding = 4; lastKnownFileType = sourcecode.swift; path = MessageParser.swift; sourceTree = "<group>"; };
		5088E88F1C74994C0065C39B /* PlotKit.framework */ = {isa = PBXFileReference; lastKnownFileType = wrapper.framework; path = PlotKit.framework; sourceTree = "<group>"; };
		5088E8931C7499F80065C39B /* PlotKit.framework.dSYM */ = {isa = PBXFileReference; lastKnownFileType = wrapper.dsym; path = PlotKit.framework.dSYM; sourceTree = "<group>"; };
		5088E8951C749A1D0065C39B /* Starscream.framework.dSYM */ = {isa = PBXFileReference; lastKnownFileType = wrapper.dsym; path = Starscream.framework.dSYM; sourceTree = "<group>"; };
		5088E8A81C772BED0065C39B /* Constants.swift */ = {isa = PBXFileReference; fileEncoding = 4; lastKnownFileType = sourcecode.swift; path = Constants.swift; sourceTree = "<group>"; };
		5088E8AA1C7739200065C39B /* MasterOperation.swift */ = {isa = PBXFileReference; fileEncoding = 4; lastKnownFileType = sourcecode.swift; path = MasterOperation.swift; sourceTree = "<group>"; };
		5088E8AC1C7744170065C39B /* MasterWorkerOperation.swift */ = {isa = PBXFileReference; fileEncoding = 4; lastKnownFileType = sourcecode.swift; path = MasterWorkerOperation.swift; sourceTree = "<group>"; };
		50ADD84E1C28777E00E8DC42 /* LogViewController.swift */ = {isa = PBXFileReference; fileEncoding = 4; lastKnownFileType = sourcecode.swift; path = LogViewController.swift; sourceTree = "<group>"; };
		50CE1D261C5129BD00A61514 /* MessageQueue.swift */ = {isa = PBXFileReference; fileEncoding = 4; lastKnownFileType = sourcecode.swift; path = MessageQueue.swift; sourceTree = "<group>"; };
		50CE1D281C524C2F00A61514 /* Message.swift */ = {isa = PBXFileReference; fileEncoding = 4; lastKnownFileType = sourcecode.swift; path = Message.swift; sourceTree = "<group>"; };
		50E889801C6B500B00B854D5 /* ChartViewController.swift */ = {isa = PBXFileReference; fileEncoding = 4; lastKnownFileType = sourcecode.swift; path = ChartViewController.swift; sourceTree = "<group>"; };
		50E889821C6B6E6000B854D5 /* ChartWindowController.swift */ = {isa = PBXFileReference; fileEncoding = 4; lastKnownFileType = sourcecode.swift; path = ChartWindowController.swift; sourceTree = "<group>"; };
		50FBAAC61C903893007B6F83 /* Lens.swift */ = {isa = PBXFileReference; fileEncoding = 4; lastKnownFileType = sourcecode.swift; path = Lens.swift; sourceTree = "<group>"; };
		E4A335571C6B4E9B00044D17 /* WorkerOperation.swift */ = {isa = PBXFileReference; fileEncoding = 4; lastKnownFileType = sourcecode.swift; path = WorkerOperation.swift; sourceTree = "<group>"; };
/* End PBXFileReference section */

/* Begin PBXFrameworksBuildPhase section */
		501E6E5A1C1703C70068A44B /* Frameworks */ = {
			isa = PBXFrameworksBuildPhase;
			buildActionMask = 2147483647;
			files = (
				5088E8901C74994C0065C39B /* PlotKit.framework in Frameworks */,
				50091C551C47EB88003AD5D5 /* Starscream.framework in Frameworks */,
			);
			runOnlyForDeploymentPostprocessing = 0;
		};
		501E6E6B1C1703C70068A44B /* Frameworks */ = {
			isa = PBXFrameworksBuildPhase;
			buildActionMask = 2147483647;
			files = (
			);
			runOnlyForDeploymentPostprocessing = 0;
		};
		501E6E761C1703C70068A44B /* Frameworks */ = {
			isa = PBXFrameworksBuildPhase;
			buildActionMask = 2147483647;
			files = (
			);
			runOnlyForDeploymentPostprocessing = 0;
		};
/* End PBXFrameworksBuildPhase section */

/* Begin PBXGroup section */
		50091C4E1C47E5E8003AD5D5 /* Frameworks */ = {
			isa = PBXGroup;
			children = (
				5088E88F1C74994C0065C39B /* PlotKit.framework */,
				50091C531C47EB6D003AD5D5 /* Starscream.framework */,
			);
			name = Frameworks;
			sourceTree = "<group>";
		};
		50091C561C493790003AD5D5 /* Model */ = {
			isa = PBXGroup;
			children = (
				5005DEC61C63A3DF00D39F2C /* ServerAddress.swift */,
				4C98B1A31C52895700E2641B /* HashStrategie.swift */,
				50091C571C4937B3003AD5D5 /* WebSocketBackgroundOperation.swift */,
				50CE1D261C5129BD00A61514 /* MessageQueue.swift */,
				5086D94A1C5FD680008F7464 /* MessageParser.swift */,
				50CE1D281C524C2F00A61514 /* Message.swift */,
				5088E8AC1C7744170065C39B /* MasterWorkerOperation.swift */,
				5088E8AA1C7739200065C39B /* MasterOperation.swift */,
				E4A335571C6B4E9B00044D17 /* WorkerOperation.swift */,
				4CE7BFD11C6D41A90020482F /* Worker.swift */,
				4CE7BFD31C6D41C70020482F /* WorkerQueue.swift */,
				5088E8A81C772BED0065C39B /* Constants.swift */,
				4C3F3EB71C845B6900F837DB /* WorkBlogQueue.swift */,
				4C3F3EBB1C84602900F837DB /* WorkBlog.swift */,
				502ED1D31C8DB8BB00C0FA10 /* AttackStrategy.swift */,
				3B6A0D611C8717990085CF12 /* DictionaryAttack.swift */,
				502ED1D11C8DB89500C0FA10 /* BruteforceAttack.swift */,
				50FBAAC61C903893007B6F83 /* Lens.swift */,
			);
			name = Model;
			sourceTree = "<group>";
		};
		501E6E541C1703C70068A44B = {
			isa = PBXGroup;
			children = (
				5088E8971C749A3A0065C39B /* Supporting Files */,
				5005DEC41C625CA100D39F2C /* node_server */,
				50091C4E1C47E5E8003AD5D5 /* Frameworks */,
				501E6E5F1C1703C70068A44B /* Distributed Hashcracker */,
				501E6E711C1703C70068A44B /* Distributed HashcrackerTests */,
				501E6E7C1C1703C70068A44B /* Distributed HashcrackerUITests */,
				501E6E5E1C1703C70068A44B /* Products */,
			);
			sourceTree = "<group>";
		};
		501E6E5E1C1703C70068A44B /* Products */ = {
			isa = PBXGroup;
			children = (
				501E6E5D1C1703C70068A44B /* Distributed Hashcracker.app */,
				501E6E6E1C1703C70068A44B /* Distributed HashcrackerTests.xctest */,
				501E6E791C1703C70068A44B /* Distributed HashcrackerUITests.xctest */,
			);
			name = Products;
			sourceTree = "<group>";
		};
		501E6E5F1C1703C70068A44B /* Distributed Hashcracker */ = {
			isa = PBXGroup;
			children = (
				50091C561C493790003AD5D5 /* Model */,
				50ADD8501C28791100E8DC42 /* Controller */,
				501E6E601C1703C70068A44B /* AppDelegate.swift */,
				501E6E661C1703C70068A44B /* Main.storyboard */,
				4C98B1A01C52893800E2641B /* CustomObject.m */,
				4C98B19F1C52893800E2641B /* Distributed Hashcracker-Bridging-Header.h */,
				4C98B1A21C52894800E2641B /* CustomObject.h */,
			);
			path = "Distributed Hashcracker";
			sourceTree = "<group>";
		};
		501E6E711C1703C70068A44B /* Distributed HashcrackerTests */ = {
			isa = PBXGroup;
			children = (
				501E6E721C1703C70068A44B /* Distributed_HashcrackerTests.swift */,
				501E6E741C1703C70068A44B /* Info.plist */,
			);
			path = "Distributed HashcrackerTests";
			sourceTree = "<group>";
		};
		501E6E7C1C1703C70068A44B /* Distributed HashcrackerUITests */ = {
			isa = PBXGroup;
			children = (
				501E6E7D1C1703C70068A44B /* Distributed_HashcrackerUITests.swift */,
				501E6E7F1C1703C70068A44B /* Info.plist */,
			);
			path = "Distributed HashcrackerUITests";
			sourceTree = "<group>";
		};
		5088E8971C749A3A0065C39B /* Supporting Files */ = {
			isa = PBXGroup;
			children = (
				502ED1D51C8DB94900C0FA10 /* PasswordDictionary.txt */,
				5088E8951C749A1D0065C39B /* Starscream.framework.dSYM */,
				5088E8931C7499F80065C39B /* PlotKit.framework.dSYM */,
				501E6E641C1703C70068A44B /* Assets.xcassets */,
				501E6E691C1703C70068A44B /* Info.plist */,
			);
			name = "Supporting Files";
			sourceTree = "<group>";
		};
		50ADD8501C28791100E8DC42 /* Controller */ = {
			isa = PBXGroup;
			children = (
				501E6E621C1703C70068A44B /* SettingsViewController.swift */,
				50ADD84E1C28777E00E8DC42 /* LogViewController.swift */,
				50E889801C6B500B00B854D5 /* ChartViewController.swift */,
				50E889821C6B6E6000B854D5 /* ChartWindowController.swift */,
			);
			name = Controller;
			sourceTree = "<group>";
		};
/* End PBXGroup section */

/* Begin PBXNativeTarget section */
		501E6E5C1C1703C70068A44B /* Distributed Hashcracker */ = {
			isa = PBXNativeTarget;
			buildConfigurationList = 501E6E821C1703C70068A44B /* Build configuration list for PBXNativeTarget "Distributed Hashcracker" */;
			buildPhases = (
				501E6E591C1703C70068A44B /* Sources */,
				501E6E5A1C1703C70068A44B /* Frameworks */,
				501E6E5B1C1703C70068A44B /* Resources */,
				50091C4F1C47E5FA003AD5D5 /* Copy Frameworks */,
				5088E8921C7499A20065C39B /* CopyFiles */,
			);
			buildRules = (
			);
			dependencies = (
			);
			name = "Distributed Hashcracker";
			productName = "Distributed Hashcracker";
			productReference = 501E6E5D1C1703C70068A44B /* Distributed Hashcracker.app */;
			productType = "com.apple.product-type.application";
		};
		501E6E6D1C1703C70068A44B /* Distributed HashcrackerTests */ = {
			isa = PBXNativeTarget;
			buildConfigurationList = 501E6E851C1703C70068A44B /* Build configuration list for PBXNativeTarget "Distributed HashcrackerTests" */;
			buildPhases = (
				501E6E6A1C1703C70068A44B /* Sources */,
				501E6E6B1C1703C70068A44B /* Frameworks */,
				501E6E6C1C1703C70068A44B /* Resources */,
			);
			buildRules = (
			);
			dependencies = (
				501E6E701C1703C70068A44B /* PBXTargetDependency */,
			);
			name = "Distributed HashcrackerTests";
			productName = "Distributed HashcrackerTests";
			productReference = 501E6E6E1C1703C70068A44B /* Distributed HashcrackerTests.xctest */;
			productType = "com.apple.product-type.bundle.unit-test";
		};
		501E6E781C1703C70068A44B /* Distributed HashcrackerUITests */ = {
			isa = PBXNativeTarget;
			buildConfigurationList = 501E6E881C1703C70068A44B /* Build configuration list for PBXNativeTarget "Distributed HashcrackerUITests" */;
			buildPhases = (
				501E6E751C1703C70068A44B /* Sources */,
				501E6E761C1703C70068A44B /* Frameworks */,
				501E6E771C1703C70068A44B /* Resources */,
			);
			buildRules = (
			);
			dependencies = (
				501E6E7B1C1703C70068A44B /* PBXTargetDependency */,
			);
			name = "Distributed HashcrackerUITests";
			productName = "Distributed HashcrackerUITests";
			productReference = 501E6E791C1703C70068A44B /* Distributed HashcrackerUITests.xctest */;
			productType = "com.apple.product-type.bundle.ui-testing";
		};
/* End PBXNativeTarget section */

/* Begin PBXProject section */
		501E6E551C1703C70068A44B /* Project object */ = {
			isa = PBXProject;
			attributes = {
				LastSwiftUpdateCheck = 0710;
				LastUpgradeCheck = 0710;
				ORGANIZATIONNAME = "Pascal Schönthier";
				TargetAttributes = {
					501E6E5C1C1703C70068A44B = {
						CreatedOnToolsVersion = 7.1.1;
					};
					501E6E6D1C1703C70068A44B = {
						CreatedOnToolsVersion = 7.1.1;
						TestTargetID = 501E6E5C1C1703C70068A44B;
					};
					501E6E781C1703C70068A44B = {
						CreatedOnToolsVersion = 7.1.1;
						TestTargetID = 501E6E5C1C1703C70068A44B;
					};
				};
			};
			buildConfigurationList = 501E6E581C1703C70068A44B /* Build configuration list for PBXProject "Distributed Hashcracker" */;
			compatibilityVersion = "Xcode 3.2";
			developmentRegion = English;
			hasScannedForEncodings = 0;
			knownRegions = (
				en,
				Base,
			);
			mainGroup = 501E6E541C1703C70068A44B;
			productRefGroup = 501E6E5E1C1703C70068A44B /* Products */;
			projectDirPath = "";
			projectRoot = "";
			targets = (
				501E6E5C1C1703C70068A44B /* Distributed Hashcracker */,
				501E6E6D1C1703C70068A44B /* Distributed HashcrackerTests */,
				501E6E781C1703C70068A44B /* Distributed HashcrackerUITests */,
			);
		};
/* End PBXProject section */

/* Begin PBXResourcesBuildPhase section */
		501E6E5B1C1703C70068A44B /* Resources */ = {
			isa = PBXResourcesBuildPhase;
			buildActionMask = 2147483647;
			files = (
				502ED1D61C8DB94900C0FA10 /* PasswordDictionary.txt in Resources */,
				5005DEC51C625CA100D39F2C /* node_server in Resources */,
				501E6E651C1703C70068A44B /* Assets.xcassets in Resources */,
				501E6E681C1703C70068A44B /* Main.storyboard in Resources */,
			);
			runOnlyForDeploymentPostprocessing = 0;
		};
		501E6E6C1C1703C70068A44B /* Resources */ = {
			isa = PBXResourcesBuildPhase;
			buildActionMask = 2147483647;
			files = (
			);
			runOnlyForDeploymentPostprocessing = 0;
		};
		501E6E771C1703C70068A44B /* Resources */ = {
			isa = PBXResourcesBuildPhase;
			buildActionMask = 2147483647;
			files = (
			);
			runOnlyForDeploymentPostprocessing = 0;
		};
/* End PBXResourcesBuildPhase section */

/* Begin PBXSourcesBuildPhase section */
		501E6E591C1703C70068A44B /* Sources */ = {
			isa = PBXSourcesBuildPhase;
			buildActionMask = 2147483647;
			files = (
				3B6A0D621C8717990085CF12 /* DictionaryAttack.swift in Sources */,
				50ADD84F1C28777E00E8DC42 /* LogViewController.swift in Sources */,
				4C3F3EB81C845B6900F837DB /* WorkBlogQueue.swift in Sources */,
				4CE7BFD21C6D41A90020482F /* Worker.swift in Sources */,
				E4A335581C6B4E9B00044D17 /* WorkerOperation.swift in Sources */,
				4C98B1A41C52895700E2641B /* HashStrategie.swift in Sources */,
				5086D94B1C5FD680008F7464 /* MessageParser.swift in Sources */,
				50E889831C6B6E6000B854D5 /* ChartWindowController.swift in Sources */,
				501E6E631C1703C70068A44B /* SettingsViewController.swift in Sources */,
				5088E8A91C772BED0065C39B /* Constants.swift in Sources */,
				502ED1D21C8DB89500C0FA10 /* BruteforceAttack.swift in Sources */,
				50E889811C6B500B00B854D5 /* ChartViewController.swift in Sources */,
				502ED1D41C8DB8BB00C0FA10 /* AttackStrategy.swift in Sources */,
				5088E8AB1C7739200065C39B /* MasterOperation.swift in Sources */,
				50CE1D271C5129BD00A61514 /* MessageQueue.swift in Sources */,
				4C3F3EBC1C84602900F837DB /* WorkBlog.swift in Sources */,
				50CE1D291C524C2F00A61514 /* Message.swift in Sources */,
				4CE7BFD41C6D41C70020482F /* WorkerQueue.swift in Sources */,
				50091C581C4937B3003AD5D5 /* WebSocketBackgroundOperation.swift in Sources */,
				4C98B1A11C52893800E2641B /* CustomObject.m in Sources */,
				501E6E611C1703C70068A44B /* AppDelegate.swift in Sources */,
				5005DEC71C63A3DF00D39F2C /* ServerAddress.swift in Sources */,
				5088E8AD1C7744170065C39B /* MasterWorkerOperation.swift in Sources */,
				50FBAAC71C903893007B6F83 /* Lens.swift in Sources */,
			);
			runOnlyForDeploymentPostprocessing = 0;
		};
		501E6E6A1C1703C70068A44B /* Sources */ = {
			isa = PBXSourcesBuildPhase;
			buildActionMask = 2147483647;
			files = (
				501E6E731C1703C70068A44B /* Distributed_HashcrackerTests.swift in Sources */,
			);
			runOnlyForDeploymentPostprocessing = 0;
		};
		501E6E751C1703C70068A44B /* Sources */ = {
			isa = PBXSourcesBuildPhase;
			buildActionMask = 2147483647;
			files = (
				501E6E7E1C1703C70068A44B /* Distributed_HashcrackerUITests.swift in Sources */,
			);
			runOnlyForDeploymentPostprocessing = 0;
		};
/* End PBXSourcesBuildPhase section */

/* Begin PBXTargetDependency section */
		501E6E701C1703C70068A44B /* PBXTargetDependency */ = {
			isa = PBXTargetDependency;
			target = 501E6E5C1C1703C70068A44B /* Distributed Hashcracker */;
			targetProxy = 501E6E6F1C1703C70068A44B /* PBXContainerItemProxy */;
		};
		501E6E7B1C1703C70068A44B /* PBXTargetDependency */ = {
			isa = PBXTargetDependency;
			target = 501E6E5C1C1703C70068A44B /* Distributed Hashcracker */;
			targetProxy = 501E6E7A1C1703C70068A44B /* PBXContainerItemProxy */;
		};
/* End PBXTargetDependency section */

/* Begin PBXVariantGroup section */
		501E6E661C1703C70068A44B /* Main.storyboard */ = {
			isa = PBXVariantGroup;
			children = (
				501E6E671C1703C70068A44B /* Base */,
			);
			name = Main.storyboard;
			sourceTree = "<group>";
		};
/* End PBXVariantGroup section */

/* Begin XCBuildConfiguration section */
		501E6E801C1703C70068A44B /* Debug */ = {
			isa = XCBuildConfiguration;
			buildSettings = {
				ALWAYS_SEARCH_USER_PATHS = NO;
				CLANG_CXX_LANGUAGE_STANDARD = "gnu++0x";
				CLANG_CXX_LIBRARY = "libc++";
				CLANG_ENABLE_MODULES = YES;
				CLANG_ENABLE_OBJC_ARC = YES;
				CLANG_WARN_BOOL_CONVERSION = YES;
				CLANG_WARN_CONSTANT_CONVERSION = YES;
				CLANG_WARN_DIRECT_OBJC_ISA_USAGE = YES_ERROR;
				CLANG_WARN_EMPTY_BODY = YES;
				CLANG_WARN_ENUM_CONVERSION = YES;
				CLANG_WARN_INT_CONVERSION = YES;
				CLANG_WARN_OBJC_ROOT_CLASS = YES_ERROR;
				CLANG_WARN_UNREACHABLE_CODE = YES;
				CLANG_WARN__DUPLICATE_METHOD_MATCH = YES;
				CODE_SIGN_IDENTITY = "-";
				COPY_PHASE_STRIP = NO;
				DEBUG_INFORMATION_FORMAT = dwarf;
				ENABLE_STRICT_OBJC_MSGSEND = YES;
				ENABLE_TESTABILITY = YES;
				GCC_C_LANGUAGE_STANDARD = gnu99;
				GCC_DYNAMIC_NO_PIC = NO;
				GCC_NO_COMMON_BLOCKS = YES;
				GCC_OPTIMIZATION_LEVEL = 0;
				GCC_PREPROCESSOR_DEFINITIONS = (
					"DEBUG=1",
					"$(inherited)",
				);
				GCC_WARN_64_TO_32_BIT_CONVERSION = YES;
				GCC_WARN_ABOUT_RETURN_TYPE = YES_ERROR;
				GCC_WARN_UNDECLARED_SELECTOR = YES;
				GCC_WARN_UNINITIALIZED_AUTOS = YES_AGGRESSIVE;
				GCC_WARN_UNUSED_FUNCTION = YES;
				GCC_WARN_UNUSED_VARIABLE = YES;
				MACOSX_DEPLOYMENT_TARGET = 10.11;
				MTL_ENABLE_DEBUG_INFO = YES;
				ONLY_ACTIVE_ARCH = YES;
				SDKROOT = macosx;
				SWIFT_OPTIMIZATION_LEVEL = "-Onone";
			};
			name = Debug;
		};
		501E6E811C1703C70068A44B /* Release */ = {
			isa = XCBuildConfiguration;
			buildSettings = {
				ALWAYS_SEARCH_USER_PATHS = NO;
				CLANG_CXX_LANGUAGE_STANDARD = "gnu++0x";
				CLANG_CXX_LIBRARY = "libc++";
				CLANG_ENABLE_MODULES = YES;
				CLANG_ENABLE_OBJC_ARC = YES;
				CLANG_WARN_BOOL_CONVERSION = YES;
				CLANG_WARN_CONSTANT_CONVERSION = YES;
				CLANG_WARN_DIRECT_OBJC_ISA_USAGE = YES_ERROR;
				CLANG_WARN_EMPTY_BODY = YES;
				CLANG_WARN_ENUM_CONVERSION = YES;
				CLANG_WARN_INT_CONVERSION = YES;
				CLANG_WARN_OBJC_ROOT_CLASS = YES_ERROR;
				CLANG_WARN_UNREACHABLE_CODE = YES;
				CLANG_WARN__DUPLICATE_METHOD_MATCH = YES;
				CODE_SIGN_IDENTITY = "-";
				COPY_PHASE_STRIP = NO;
				DEBUG_INFORMATION_FORMAT = "dwarf-with-dsym";
				ENABLE_NS_ASSERTIONS = NO;
				ENABLE_STRICT_OBJC_MSGSEND = YES;
				GCC_C_LANGUAGE_STANDARD = gnu99;
				GCC_NO_COMMON_BLOCKS = YES;
				GCC_WARN_64_TO_32_BIT_CONVERSION = YES;
				GCC_WARN_ABOUT_RETURN_TYPE = YES_ERROR;
				GCC_WARN_UNDECLARED_SELECTOR = YES;
				GCC_WARN_UNINITIALIZED_AUTOS = YES_AGGRESSIVE;
				GCC_WARN_UNUSED_FUNCTION = YES;
				GCC_WARN_UNUSED_VARIABLE = YES;
				MACOSX_DEPLOYMENT_TARGET = 10.11;
				MTL_ENABLE_DEBUG_INFO = NO;
				SDKROOT = macosx;
			};
			name = Release;
		};
		501E6E831C1703C70068A44B /* Debug */ = {
			isa = XCBuildConfiguration;
			buildSettings = {
				ASSETCATALOG_COMPILER_APPICON_NAME = AppIcon;
				CLANG_ENABLE_MODULES = YES;
				COMBINE_HIDPI_IMAGES = YES;
				FRAMEWORK_SEARCH_PATHS = (
					"$(inherited)",
					"$(PROJECT_DIR)",
				);
				INFOPLIST_FILE = "Distributed Hashcracker/Info.plist";
				LD_RUNPATH_SEARCH_PATHS = "$(inherited) @executable_path/../Frameworks";
				PRODUCT_BUNDLE_IDENTIFIER = "de.th-koeln.avs.Distributed-Hashcracker";
				PRODUCT_NAME = "$(TARGET_NAME)";
				SWIFT_OBJC_BRIDGING_HEADER = "Distributed Hashcracker/Distributed Hashcracker-Bridging-Header.h";
				SWIFT_OPTIMIZATION_LEVEL = "-O";
			};
			name = Debug;
		};
		501E6E841C1703C70068A44B /* Release */ = {
			isa = XCBuildConfiguration;
			buildSettings = {
				ASSETCATALOG_COMPILER_APPICON_NAME = AppIcon;
				CLANG_ENABLE_MODULES = YES;
				COMBINE_HIDPI_IMAGES = YES;
				FRAMEWORK_SEARCH_PATHS = (
					"$(inherited)",
					"$(PROJECT_DIR)",
				);
				INFOPLIST_FILE = "Distributed Hashcracker/Info.plist";
				LD_RUNPATH_SEARCH_PATHS = "$(inherited) @executable_path/../Frameworks";
				PRODUCT_BUNDLE_IDENTIFIER = "de.th-koeln.avs.Distributed-Hashcracker";
				PRODUCT_NAME = "$(TARGET_NAME)";
				SWIFT_OBJC_BRIDGING_HEADER = "Distributed Hashcracker/Distributed Hashcracker-Bridging-Header.h";
			};
			name = Release;
		};
		501E6E861C1703C70068A44B /* Debug */ = {
			isa = XCBuildConfiguration;
			buildSettings = {
				BUNDLE_LOADER = "$(TEST_HOST)";
				COMBINE_HIDPI_IMAGES = YES;
				INFOPLIST_FILE = "Distributed HashcrackerTests/Info.plist";
				LD_RUNPATH_SEARCH_PATHS = "$(inherited) @executable_path/../Frameworks @loader_path/../Frameworks";
				PRODUCT_BUNDLE_IDENTIFIER = "de.th-koeln.avs.Distributed-HashcrackerTests";
				PRODUCT_NAME = "$(TARGET_NAME)";
				TEST_HOST = "$(BUILT_PRODUCTS_DIR)/Distributed Hashcracker.app/Contents/MacOS/Distributed Hashcracker";
			};
			name = Debug;
		};
		501E6E871C1703C70068A44B /* Release */ = {
			isa = XCBuildConfiguration;
			buildSettings = {
				BUNDLE_LOADER = "$(TEST_HOST)";
				COMBINE_HIDPI_IMAGES = YES;
				INFOPLIST_FILE = "Distributed HashcrackerTests/Info.plist";
				LD_RUNPATH_SEARCH_PATHS = "$(inherited) @executable_path/../Frameworks @loader_path/../Frameworks";
				PRODUCT_BUNDLE_IDENTIFIER = "de.th-koeln.avs.Distributed-HashcrackerTests";
				PRODUCT_NAME = "$(TARGET_NAME)";
				TEST_HOST = "$(BUILT_PRODUCTS_DIR)/Distributed Hashcracker.app/Contents/MacOS/Distributed Hashcracker";
			};
			name = Release;
		};
		501E6E891C1703C70068A44B /* Debug */ = {
			isa = XCBuildConfiguration;
			buildSettings = {
				COMBINE_HIDPI_IMAGES = YES;
				INFOPLIST_FILE = "Distributed HashcrackerUITests/Info.plist";
				LD_RUNPATH_SEARCH_PATHS = "$(inherited) @executable_path/../Frameworks @loader_path/../Frameworks";
				PRODUCT_BUNDLE_IDENTIFIER = "de.th-koeln.avs.Distributed-HashcrackerUITests";
				PRODUCT_NAME = "$(TARGET_NAME)";
				TEST_TARGET_NAME = "Distributed Hashcracker";
				USES_XCTRUNNER = YES;
			};
			name = Debug;
		};
		501E6E8A1C1703C70068A44B /* Release */ = {
			isa = XCBuildConfiguration;
			buildSettings = {
				COMBINE_HIDPI_IMAGES = YES;
				INFOPLIST_FILE = "Distributed HashcrackerUITests/Info.plist";
				LD_RUNPATH_SEARCH_PATHS = "$(inherited) @executable_path/../Frameworks @loader_path/../Frameworks";
				PRODUCT_BUNDLE_IDENTIFIER = "de.th-koeln.avs.Distributed-HashcrackerUITests";
				PRODUCT_NAME = "$(TARGET_NAME)";
				TEST_TARGET_NAME = "Distributed Hashcracker";
				USES_XCTRUNNER = YES;
			};
			name = Release;
		};
/* End XCBuildConfiguration section */

/* Begin XCConfigurationList section */
		501E6E581C1703C70068A44B /* Build configuration list for PBXProject "Distributed Hashcracker" */ = {
			isa = XCConfigurationList;
			buildConfigurations = (
				501E6E801C1703C70068A44B /* Debug */,
				501E6E811C1703C70068A44B /* Release */,
			);
			defaultConfigurationIsVisible = 0;
			defaultConfigurationName = Release;
		};
		501E6E821C1703C70068A44B /* Build configuration list for PBXNativeTarget "Distributed Hashcracker" */ = {
			isa = XCConfigurationList;
			buildConfigurations = (
				501E6E831C1703C70068A44B /* Debug */,
				501E6E841C1703C70068A44B /* Release */,
			);
			defaultConfigurationIsVisible = 0;
			defaultConfigurationName = Release;
		};
		501E6E851C1703C70068A44B /* Build configuration list for PBXNativeTarget "Distributed HashcrackerTests" */ = {
			isa = XCConfigurationList;
			buildConfigurations = (
				501E6E861C1703C70068A44B /* Debug */,
				501E6E871C1703C70068A44B /* Release */,
			);
			defaultConfigurationIsVisible = 0;
			defaultConfigurationName = Release;
		};
		501E6E881C1703C70068A44B /* Build configuration list for PBXNativeTarget "Distributed HashcrackerUITests" */ = {
			isa = XCConfigurationList;
			buildConfigurations = (
				501E6E891C1703C70068A44B /* Debug */,
				501E6E8A1C1703C70068A44B /* Release */,
			);
			defaultConfigurationIsVisible = 0;
			defaultConfigurationName = Release;
		};
/* End XCConfigurationList section */
	};
	rootObject = 501E6E551C1703C70068A44B /* Project object */;
}
